
Microsoft Visual Studio Solution File, Format Version 12.00
# Visual Studio Version 17
VisualStudioVersion = 17.2.32630.192
MinimumVisualStudioVersion = 10.0.40219.1
Project("{FAE04EC0-301F-11D3-BF4B-00C04F79EFBC}") = "hourlyWorkTracker", "hourlyWorkTracker\hourlyWorkTracker.csproj", "{DD1E94E2-1132-4239-8487-230D85B454CE}"
EndProject
Global
	GlobalSection(SolutionConfigurationPlatforms) = preSolution
		Debug|Any CPU = Debug|Any CPU
		Release|Any CPU = Release|Any CPU
	EndGlobalSection
	GlobalSection(ProjectConfigurationPlatforms) = postSolution
		{DD1E94E2-1132-4239-8487-230D85B454CE}.Debug|Any CPU.ActiveCfg = Debug|Any CPU
		{DD1E94E2-1132-4239-8487-230D85B454CE}.Debug|Any CPU.Build.0 = Debug|Any CPU
		{DD1E94E2-1132-4239-8487-230D85B454CE}.Release|Any CPU.ActiveCfg = Release|Any CPU
		{DD1E94E2-1132-4239-8487-230D85B454CE}.Release|Any CPU.Build.0 = Release|Any CPU
	EndGlobalSection
	GlobalSection(SolutionProperties) = preSolution
		HideSolutionNode = FALSE
	EndGlobalSection
	GlobalSection(ExtensibilityGlobals) = postSolution
		SolutionGuid = {BFF2B5DD-4186-458D-B309-58003D9E6152}
	EndGlobalSection
EndGlobal
